
Microsoft Visual Studio Solution File, Format Version 12.00
# Visual Studio Version 17
VisualStudioVersion = 17.11.35208.52
MinimumVisualStudioVersion = 10.0.40219.1
Project("{9A19103F-16F7-4668-BE54-9A1E7A4F7556}") = "Logs", "Logs\Logs.csproj", "{00B52E4E-19B9-42A7-B225-472FD486A98F}"
EndProject
Global
	GlobalSection(SolutionConfigurationPlatforms) = preSolution
		Debug|Any CPU = Debug|Any CPU
		Release|Any CPU = Release|Any CPU
	EndGlobalSection
	GlobalSection(ProjectConfigurationPlatforms) = postSolution
		{00B52E4E-19B9-42A7-B225-472FD486A98F}.Debug|Any CPU.ActiveCfg = Debug|Any CPU
		{00B52E4E-19B9-42A7-B225-472FD486A98F}.Debug|Any CPU.Build.0 = Debug|Any CPU
		{00B52E4E-19B9-42A7-B225-472FD486A98F}.Release|Any CPU.ActiveCfg = Release|Any CPU
		{00B52E4E-19B9-42A7-B225-472FD486A98F}.Release|Any CPU.Build.0 = Release|Any CPU
	EndGlobalSection
	GlobalSection(SolutionProperties) = preSolution
		HideSolutionNode = FALSE
	EndGlobalSection
	GlobalSection(ExtensibilityGlobals) = postSolution
		SolutionGuid = {7CC399B9-3CCE-41A9-9F2B-5BC3C70F026C}
	EndGlobalSection
EndGlobal
